
Microsoft Visual Studio Solution File, Format Version 12.00
# Visual Studio Version 16
VisualStudioVersion = 16.0.32413.511
MinimumVisualStudioVersion = 10.0.40219.1
Project("{FAE04EC0-301F-11D3-BF4B-00C04F79EFBC}") = "PrestamoCoreApp", "PrestamoCoreApp\PrestamoCoreApp.csproj", "{CD0B9061-3BB7-43D3-A59D-B8EA1908C0E2}"
EndProject
Global
	GlobalSection(SolutionConfigurationPlatforms) = preSolution
		Debug|Any CPU = Debug|Any CPU
		Release|Any CPU = Release|Any CPU
	EndGlobalSection
	GlobalSection(ProjectConfigurationPlatforms) = postSolution
		{CD0B9061-3BB7-43D3-A59D-B8EA1908C0E2}.Debug|Any CPU.ActiveCfg = Debug|Any CPU
		{CD0B9061-3BB7-43D3-A59D-B8EA1908C0E2}.Debug|Any CPU.Build.0 = Debug|Any CPU
		{CD0B9061-3BB7-43D3-A59D-B8EA1908C0E2}.Release|Any CPU.ActiveCfg = Release|Any CPU
		{CD0B9061-3BB7-43D3-A59D-B8EA1908C0E2}.Release|Any CPU.Build.0 = Release|Any CPU
	EndGlobalSection
	GlobalSection(SolutionProperties) = preSolution
		HideSolutionNode = FALSE
	EndGlobalSection
	GlobalSection(ExtensibilityGlobals) = postSolution
		SolutionGuid = {C1185BEB-F4C4-417F-BC24-A44EB3A35DF2}
	EndGlobalSection
EndGlobal
